
Microsoft Visual Studio Solution File, Format Version 12.00
# Visual Studio Version 17
VisualStudioVersion = 17.3.32929.385
MinimumVisualStudioVersion = 10.0.40219.1
Project("{9A19103F-16F7-4668-BE54-9A1E7A4F7556}") = "ConsoleUI", "ConsoleUI\ConsoleUI.csproj", "{F4743FD7-BE38-45CD-B44A-09A8FF53C755}"
EndProject
Project("{9A19103F-16F7-4668-BE54-9A1E7A4F7556}") = "DataAccess", "DataAccess\DataAccess.csproj", "{4D3386D4-3289-486D-A44A-4F22F83B65C0}"
EndProject
Project("{9A19103F-16F7-4668-BE54-9A1E7A4F7556}") = "Business", "Business\Business.csproj", "{3D9CEA30-7114-4C7F-A073-3C9451F5A64E}"
EndProject
Project("{9A19103F-16F7-4668-BE54-9A1E7A4F7556}") = "Entites", "Entites\Entites.csproj", "{F599121A-7372-4C78-99D0-BFCFDF6F529C}"
EndProject
Project("{9A19103F-16F7-4668-BE54-9A1E7A4F7556}") = "Core", "Core\Core.csproj", "{5CCE3398-8A06-41EA-B81C-E08D6775782B}"
EndProject
Project("{9A19103F-16F7-4668-BE54-9A1E7A4F7556}") = "WebAPI", "WebAPI\WebAPI.csproj", "{A55D88C0-9C31-480A-AF8B-BEA1F456A2DA}"
EndProject
Global
	GlobalSection(SolutionConfigurationPlatforms) = preSolution
		Debug|Any CPU = Debug|Any CPU
		Release|Any CPU = Release|Any CPU
	EndGlobalSection
	GlobalSection(ProjectConfigurationPlatforms) = postSolution
		{F4743FD7-BE38-45CD-B44A-09A8FF53C755}.Debug|Any CPU.ActiveCfg = Debug|Any CPU
		{F4743FD7-BE38-45CD-B44A-09A8FF53C755}.Debug|Any CPU.Build.0 = Debug|Any CPU
		{F4743FD7-BE38-45CD-B44A-09A8FF53C755}.Release|Any CPU.ActiveCfg = Release|Any CPU
		{F4743FD7-BE38-45CD-B44A-09A8FF53C755}.Release|Any CPU.Build.0 = Release|Any CPU
		{4D3386D4-3289-486D-A44A-4F22F83B65C0}.Debug|Any CPU.ActiveCfg = Debug|Any CPU
		{4D3386D4-3289-486D-A44A-4F22F83B65C0}.Debug|Any CPU.Build.0 = Debug|Any CPU
		{4D3386D4-3289-486D-A44A-4F22F83B65C0}.Release|Any CPU.ActiveCfg = Release|Any CPU
		{4D3386D4-3289-486D-A44A-4F22F83B65C0}.Release|Any CPU.Build.0 = Release|Any CPU
		{3D9CEA30-7114-4C7F-A073-3C9451F5A64E}.Debug|Any CPU.ActiveCfg = Debug|Any CPU
		{3D9CEA30-7114-4C7F-A073-3C9451F5A64E}.Debug|Any CPU.Build.0 = Debug|Any CPU
		{3D9CEA30-7114-4C7F-A073-3C9451F5A64E}.Release|Any CPU.ActiveCfg = Release|Any CPU
		{3D9CEA30-7114-4C7F-A073-3C9451F5A64E}.Release|Any CPU.Build.0 = Release|Any CPU
		{F599121A-7372-4C78-99D0-BFCFDF6F529C}.Debug|Any CPU.ActiveCfg = Debug|Any CPU
		{F599121A-7372-4C78-99D0-BFCFDF6F529C}.Debug|Any CPU.Build.0 = Debug|Any CPU
		{F599121A-7372-4C78-99D0-BFCFDF6F529C}.Release|Any CPU.ActiveCfg = Release|Any CPU
		{F599121A-7372-4C78-99D0-BFCFDF6F529C}.Release|Any CPU.Build.0 = Release|Any CPU
		{5CCE3398-8A06-41EA-B81C-E08D6775782B}.Debug|Any CPU.ActiveCfg = Debug|Any CPU
		{5CCE3398-8A06-41EA-B81C-E08D6775782B}.Debug|Any CPU.Build.0 = Debug|Any CPU
		{5CCE3398-8A06-41EA-B81C-E08D6775782B}.Release|Any CPU.ActiveCfg = Release|Any CPU
		{5CCE3398-8A06-41EA-B81C-E08D6775782B}.Release|Any CPU.Build.0 = Release|Any CPU
		{A55D88C0-9C31-480A-AF8B-BEA1F456A2DA}.Debug|Any CPU.ActiveCfg = Debug|Any CPU
		{A55D88C0-9C31-480A-AF8B-BEA1F456A2DA}.Debug|Any CPU.Build.0 = Debug|Any CPU
		{A55D88C0-9C31-480A-AF8B-BEA1F456A2DA}.Release|Any CPU.ActiveCfg = Release|Any CPU
		{A55D88C0-9C31-480A-AF8B-BEA1F456A2DA}.Release|Any CPU.Build.0 = Release|Any CPU
	EndGlobalSection
	GlobalSection(SolutionProperties) = preSolution
		HideSolutionNode = FALSE
	EndGlobalSection
	GlobalSection(ExtensibilityGlobals) = postSolution
		SolutionGuid = {7829CB04-0743-4CCD-9419-A0DEF12DD8DB}
	EndGlobalSection
EndGlobal
